
Microsoft Visual Studio Solution File, Format Version 12.00
# Visual Studio Version 17
VisualStudioVersion = 17.2.32616.157
MinimumVisualStudioVersion = 10.0.40219.1
Project("{9A19103F-16F7-4668-BE54-9A1E7A4F7556}") = "frontend", "frontend\frontend.csproj", "{4BBF56CB-4EB4-4B28-976D-82AD6996A997}"
EndProject
Project("{FAE04EC0-301F-11D3-BF4B-00C04F79EFBC}") = "soap", "soap\soap.csproj", "{E573AB64-D5AC-4E35-B40F-43ACC40F75EF}"
EndProject
Project("{9A19103F-16F7-4668-BE54-9A1E7A4F7556}") = "api", "api\api.csproj", "{09D642A0-B537-4458-AF1B-8DDAB28867B1}"
EndProject
Project("{9A19103F-16F7-4668-BE54-9A1E7A4F7556}") = "model", "model\model.csproj", "{129F8599-9108-43F4-A624-1D1117E1E9C7}"
EndProject
Project("{9092AA53-FB77-4645-B42D-1CCCA6BD08BD}") = "xml-rpc", "xml-rpc\xml-rpc.njsproj", "{27C8464F-627C-465F-BE79-CC8519E0047D}"
EndProject
Global
	GlobalSection(SolutionConfigurationPlatforms) = preSolution
		Debug|Any CPU = Debug|Any CPU
		Release|Any CPU = Release|Any CPU
	EndGlobalSection
	GlobalSection(ProjectConfigurationPlatforms) = postSolution
		{4BBF56CB-4EB4-4B28-976D-82AD6996A997}.Debug|Any CPU.ActiveCfg = Debug|Any CPU
		{4BBF56CB-4EB4-4B28-976D-82AD6996A997}.Debug|Any CPU.Build.0 = Debug|Any CPU
		{4BBF56CB-4EB4-4B28-976D-82AD6996A997}.Release|Any CPU.ActiveCfg = Release|Any CPU
		{4BBF56CB-4EB4-4B28-976D-82AD6996A997}.Release|Any CPU.Build.0 = Release|Any CPU
		{E573AB64-D5AC-4E35-B40F-43ACC40F75EF}.Debug|Any CPU.ActiveCfg = Debug|Any CPU
		{E573AB64-D5AC-4E35-B40F-43ACC40F75EF}.Debug|Any CPU.Build.0 = Debug|Any CPU
		{E573AB64-D5AC-4E35-B40F-43ACC40F75EF}.Release|Any CPU.ActiveCfg = Release|Any CPU
		{E573AB64-D5AC-4E35-B40F-43ACC40F75EF}.Release|Any CPU.Build.0 = Release|Any CPU
		{09D642A0-B537-4458-AF1B-8DDAB28867B1}.Debug|Any CPU.ActiveCfg = Debug|Any CPU
		{09D642A0-B537-4458-AF1B-8DDAB28867B1}.Debug|Any CPU.Build.0 = Debug|Any CPU
		{09D642A0-B537-4458-AF1B-8DDAB28867B1}.Release|Any CPU.ActiveCfg = Release|Any CPU
		{09D642A0-B537-4458-AF1B-8DDAB28867B1}.Release|Any CPU.Build.0 = Release|Any CPU
		{129F8599-9108-43F4-A624-1D1117E1E9C7}.Debug|Any CPU.ActiveCfg = Debug|Any CPU
		{129F8599-9108-43F4-A624-1D1117E1E9C7}.Debug|Any CPU.Build.0 = Debug|Any CPU
		{129F8599-9108-43F4-A624-1D1117E1E9C7}.Release|Any CPU.ActiveCfg = Release|Any CPU
		{129F8599-9108-43F4-A624-1D1117E1E9C7}.Release|Any CPU.Build.0 = Release|Any CPU
		{27C8464F-627C-465F-BE79-CC8519E0047D}.Debug|Any CPU.ActiveCfg = Debug|Any CPU
		{27C8464F-627C-465F-BE79-CC8519E0047D}.Debug|Any CPU.Build.0 = Debug|Any CPU
		{27C8464F-627C-465F-BE79-CC8519E0047D}.Release|Any CPU.ActiveCfg = Release|Any CPU
		{27C8464F-627C-465F-BE79-CC8519E0047D}.Release|Any CPU.Build.0 = Release|Any CPU
	EndGlobalSection
	GlobalSection(SolutionProperties) = preSolution
		HideSolutionNode = FALSE
	EndGlobalSection
	GlobalSection(ExtensibilityGlobals) = postSolution
		SolutionGuid = {E6903B58-DA1F-4A02-987C-72D85A2577AA}
	EndGlobalSection
EndGlobal
